
Microsoft Visual Studio Solution File, Format Version 12.00
# Visual Studio Version 17
VisualStudioVersion = 17.9.34728.123
MinimumVisualStudioVersion = 10.0.40219.1
Project("{FAE04EC0-301F-11D3-BF4B-00C04F79EFBC}") = "IllinoisUrbanaAssessment", "IllinoisUrbanaAssesment\IllinoisUrbanaAssessment.csproj", "{A5B41CB5-B13C-4140-905D-279D3F408DA0}"
EndProject
Global
	GlobalSection(SolutionConfigurationPlatforms) = preSolution
		Debug|Any CPU = Debug|Any CPU
		Release|Any CPU = Release|Any CPU
	EndGlobalSection
	GlobalSection(ProjectConfigurationPlatforms) = postSolution
		{A5B41CB5-B13C-4140-905D-279D3F408DA0}.Debug|Any CPU.ActiveCfg = Debug|Any CPU
		{A5B41CB5-B13C-4140-905D-279D3F408DA0}.Debug|Any CPU.Build.0 = Debug|Any CPU
		{A5B41CB5-B13C-4140-905D-279D3F408DA0}.Release|Any CPU.ActiveCfg = Release|Any CPU
		{A5B41CB5-B13C-4140-905D-279D3F408DA0}.Release|Any CPU.Build.0 = Release|Any CPU
	EndGlobalSection
	GlobalSection(SolutionProperties) = preSolution
		HideSolutionNode = FALSE
	EndGlobalSection
	GlobalSection(ExtensibilityGlobals) = postSolution
		SolutionGuid = {A91CD1BC-DAF1-4BA4-BAB7-C24F69C7BE4A}
	EndGlobalSection
EndGlobal
